{
  "name": "capstone-project",
  "lockfileVersion": 3,
  "requires": true,
  "packages": {
    "": {
      "dependencies": {
        "react-geocode": "^2.0.1"
      }
    },
    "node_modules/react-geocode": {
      "version": "2.0.1",
      "resolved": "https://registry.npmjs.org/react-geocode/-/react-geocode-2.0.1.tgz",
      "integrity": "sha512-fIjTaXK7Ta1kZKqS5n9vUCL6LPngSRlLfEj935mMhHivfsGQ8nXPo+NRoDnq63Yy1kQ6mdyFl78/8tAodERIHw==",
      "license": "MIT"
    }
  }
}
